
Microsoft Visual Studio Solution File, Format Version 12.00
# Visual Studio Version 17
VisualStudioVersion = 17.5.33530.505
MinimumVisualStudioVersion = 10.0.40219.1
Project("{9A19103F-16F7-4668-BE54-9A1E7A4F7556}") = "FindTheParityOutlier.BL", "FindTheParityOutlier.BL\FindTheParityOutlier.BL.csproj", "{4D86BC43-D1ED-4BCC-A14B-8FBB50101781}"
EndProject
Project("{FAE04EC0-301F-11D3-BF4B-00C04F79EFBC}") = "FindTheParityOutlier.Test", "FindTheParityOutlier.Test\FindTheParityOutlier.Test.csproj", "{A8ED4D7F-2114-441E-8C8C-5C597651E600}"
EndProject
Global
	GlobalSection(SolutionConfigurationPlatforms) = preSolution
		Debug|Any CPU = Debug|Any CPU
		Release|Any CPU = Release|Any CPU
	EndGlobalSection
	GlobalSection(ProjectConfigurationPlatforms) = postSolution
		{4D86BC43-D1ED-4BCC-A14B-8FBB50101781}.Debug|Any CPU.ActiveCfg = Debug|Any CPU
		{4D86BC43-D1ED-4BCC-A14B-8FBB50101781}.Debug|Any CPU.Build.0 = Debug|Any CPU
		{4D86BC43-D1ED-4BCC-A14B-8FBB50101781}.Release|Any CPU.ActiveCfg = Release|Any CPU
		{4D86BC43-D1ED-4BCC-A14B-8FBB50101781}.Release|Any CPU.Build.0 = Release|Any CPU
		{A8ED4D7F-2114-441E-8C8C-5C597651E600}.Debug|Any CPU.ActiveCfg = Debug|Any CPU
		{A8ED4D7F-2114-441E-8C8C-5C597651E600}.Debug|Any CPU.Build.0 = Debug|Any CPU
		{A8ED4D7F-2114-441E-8C8C-5C597651E600}.Release|Any CPU.ActiveCfg = Release|Any CPU
		{A8ED4D7F-2114-441E-8C8C-5C597651E600}.Release|Any CPU.Build.0 = Release|Any CPU
	EndGlobalSection
	GlobalSection(SolutionProperties) = preSolution
		HideSolutionNode = FALSE
	EndGlobalSection
	GlobalSection(ExtensibilityGlobals) = postSolution
		SolutionGuid = {2006102C-14C3-4C36-88D0-522B885A86CE}
	EndGlobalSection
EndGlobal
